
Microsoft Visual Studio Solution File, Format Version 12.00
# Visual Studio Version 17
VisualStudioVersion = 17.9.34622.214
MinimumVisualStudioVersion = 10.0.40219.1
Project("{FAE04EC0-301F-11D3-BF4B-00C04F79EFBC}") = "PARCIAL1A", "PARCIAL1A\PARCIAL1A.csproj", "{E8A7D737-22C3-4A6F-B486-4E2E6D5BA86B}"
EndProject
Global
	GlobalSection(SolutionConfigurationPlatforms) = preSolution
		Debug|Any CPU = Debug|Any CPU
		Release|Any CPU = Release|Any CPU
	EndGlobalSection
	GlobalSection(ProjectConfigurationPlatforms) = postSolution
		{E8A7D737-22C3-4A6F-B486-4E2E6D5BA86B}.Debug|Any CPU.ActiveCfg = Debug|Any CPU
		{E8A7D737-22C3-4A6F-B486-4E2E6D5BA86B}.Debug|Any CPU.Build.0 = Debug|Any CPU
		{E8A7D737-22C3-4A6F-B486-4E2E6D5BA86B}.Release|Any CPU.ActiveCfg = Release|Any CPU
		{E8A7D737-22C3-4A6F-B486-4E2E6D5BA86B}.Release|Any CPU.Build.0 = Release|Any CPU
	EndGlobalSection
	GlobalSection(SolutionProperties) = preSolution
		HideSolutionNode = FALSE
	EndGlobalSection
	GlobalSection(ExtensibilityGlobals) = postSolution
		SolutionGuid = {2583BC10-6EC9-40C8-A065-6D859AB23289}
	EndGlobalSection
EndGlobal
